
Microsoft Visual Studio Solution File, Format Version 12.00
# Visual Studio 15
VisualStudioVersion = 15.0.27428.2037
MinimumVisualStudioVersion = 10.0.40219.1
Project("{9A19103F-16F7-4668-BE54-9A1E7A4F7556}") = "OKSearchRoom", "OKSearchRoom\OKSearchRoom.csproj", "{C07ADAFE-3040-4357-ABE1-CDE339001819}"
EndProject
Project("{FAE04EC0-301F-11D3-BF4B-00C04F79EFBC}") = "OKSearchRoomTest", "OKSearchRoomTest\OKSearchRoomTest.csproj", "{73942E8A-799D-4612-A105-EBED328DD3E8}"
EndProject
Global
	GlobalSection(SolutionConfigurationPlatforms) = preSolution
		Debug|Any CPU = Debug|Any CPU
		Release|Any CPU = Release|Any CPU
	EndGlobalSection
	GlobalSection(ProjectConfigurationPlatforms) = postSolution
		{C07ADAFE-3040-4357-ABE1-CDE339001819}.Debug|Any CPU.ActiveCfg = Debug|Any CPU
		{C07ADAFE-3040-4357-ABE1-CDE339001819}.Debug|Any CPU.Build.0 = Debug|Any CPU
		{C07ADAFE-3040-4357-ABE1-CDE339001819}.Release|Any CPU.ActiveCfg = Release|Any CPU
		{C07ADAFE-3040-4357-ABE1-CDE339001819}.Release|Any CPU.Build.0 = Release|Any CPU
		{73942E8A-799D-4612-A105-EBED328DD3E8}.Debug|Any CPU.ActiveCfg = Debug|Any CPU
		{73942E8A-799D-4612-A105-EBED328DD3E8}.Debug|Any CPU.Build.0 = Debug|Any CPU
		{73942E8A-799D-4612-A105-EBED328DD3E8}.Release|Any CPU.ActiveCfg = Release|Any CPU
		{73942E8A-799D-4612-A105-EBED328DD3E8}.Release|Any CPU.Build.0 = Release|Any CPU
	EndGlobalSection
	GlobalSection(SolutionProperties) = preSolution
		HideSolutionNode = FALSE
	EndGlobalSection
	GlobalSection(ExtensibilityGlobals) = postSolution
		SolutionGuid = {F41E27BB-BB1A-4C59-992F-4908ACBF9BA1}
	EndGlobalSection
EndGlobal
